// !$*UTF8*$!
{
	archiveVersion = 1;
	classes = {
	};
	objectVersion = 46;
	objects = {

/* Begin PBXBuildFile section */
		B653900D18EA82CF00042DA0 /* Foundation.framework in Frameworks */ = {isa = PBXBuildFile; fileRef = B653900C18EA82CF00042DA0 /* Foundation.framework */; };
		B653900F18EA82CF00042DA0 /* CoreGraphics.framework in Frameworks */ = {isa = PBXBuildFile; fileRef = B653900E18EA82CF00042DA0 /* CoreGraphics.framework */; };
		B653901118EA82CF00042DA0 /* UIKit.framework in Frameworks */ = {isa = PBXBuildFile; fileRef = B653901018EA82CF00042DA0 /* UIKit.framework */; };
		B653901718EA82CF00042DA0 /* InfoPlist.strings in Resources */ = {isa = PBXBuildFile; fileRef = B653901518EA82CF00042DA0 /* InfoPlist.strings */; };
		B653901918EA82CF00042DA0 /* main.m in Sources */ = {isa = PBXBuildFile; fileRef = B653901818EA82CF00042DA0 /* main.m */; };
		B653901D18EA82CF00042DA0 /* HSEAppDelegate.m in Sources */ = {isa = PBXBuildFile; fileRef = B653901C18EA82CF00042DA0 /* HSEAppDelegate.m */; };
		B653902018EA82CF00042DA0 /* Main_iPhone.storyboard in Resources */ = {isa = PBXBuildFile; fileRef = B653901E18EA82CF00042DA0 /* Main_iPhone.storyboard */; };
		B653902318EA82CF00042DA0 /* Main_iPad.storyboard in Resources */ = {isa = PBXBuildFile; fileRef = B653902118EA82CF00042DA0 /* Main_iPad.storyboard */; };
		B653902618EA82CF00042DA0 /* HSEViewController.m in Sources */ = {isa = PBXBuildFile; fileRef = B653902518EA82CF00042DA0 /* HSEViewController.m */; };
		B653902818EA82CF00042DA0 /* Images.xcassets in Resources */ = {isa = PBXBuildFile; fileRef = B653902718EA82CF00042DA0 /* Images.xcassets */; };
		B653902F18EA82CF00042DA0 /* XCTest.framework in Frameworks */ = {isa = PBXBuildFile; fileRef = B653902E18EA82CF00042DA0 /* XCTest.framework */; };
		B653903018EA82D000042DA0 /* Foundation.framework in Frameworks */ = {isa = PBXBuildFile; fileRef = B653900C18EA82CF00042DA0 /* Foundation.framework */; };
		B653903118EA82D000042DA0 /* UIKit.framework in Frameworks */ = {isa = PBXBuildFile; fileRef = B653901018EA82CF00042DA0 /* UIKit.framework */; };
		B653903918EA82D000042DA0 /* InfoPlist.strings in Resources */ = {isa = PBXBuildFile; fileRef = B653903718EA82D000042DA0 /* InfoPlist.strings */; };
		B653903B18EA82D000042DA0 /* HTMLAttributedStringExampleTests.m in Sources */ = {isa = PBXBuildFile; fileRef = B653903A18EA82D000042DA0 /* HTMLAttributedStringExampleTests.m */; };
		B653904718EA832D00042DA0 /* HTMLAttributedString.m in Sources */ = {isa = PBXBuildFile; fileRef = B653904618EA832D00042DA0 /* HTMLAttributedString.m */; };
		B653905318F10B0200042DA0 /* README.md in Resources */ = {isa = PBXBuildFile; fileRef = B653905218F10B0200042DA0 /* README.md */; };
/* End PBXBuildFile section */

/* Begin PBXContainerItemProxy section */
		B653903218EA82D000042DA0 /* PBXContainerItemProxy */ = {
			isa = PBXContainerItemProxy;
			containerPortal = B653900118EA82CF00042DA0 /* Project object */;
			proxyType = 1;
			remoteGlobalIDString = B653900818EA82CF00042DA0;
			remoteInfo = HTMLAttributedStringExample;
		};
/* End PBXContainerItemProxy section */

/* Begin PBXFileReference section */
		B653900918EA82CF00042DA0 /* HTMLAttributedStringExample.app */ = {isa = PBXFileReference; explicitFileType = wrapper.application; includeInIndex = 0; path = HTMLAttributedStringExample.app; sourceTree = BUILT_PRODUCTS_DIR; };
		B653900C18EA82CF00042DA0 /* Foundation.framework */ = {isa = PBXFileReference; lastKnownFileType = wrapper.framework; name = Foundation.framework; path = System/Library/Frameworks/Foundation.framework; sourceTree = SDKROOT; };
		B653900E18EA82CF00042DA0 /* CoreGraphics.framework */ = {isa = PBXFileReference; lastKnownFileType = wrapper.framework; name = CoreGraphics.framework; path = System/Library/Frameworks/CoreGraphics.framework; sourceTree = SDKROOT; };
		B653901018EA82CF00042DA0 /* UIKit.framework */ = {isa = PBXFileReference; lastKnownFileType = wrapper.framework; name = UIKit.framework; path = System/Library/Frameworks/UIKit.framework; sourceTree = SDKROOT; };
		B653901418EA82CF00042DA0 /* HTMLAttributedStringExample-Info.plist */ = {isa = PBXFileReference; lastKnownFileType = text.plist.xml; path = "HTMLAttributedStringExample-Info.plist"; sourceTree = "<group>"; };
		B653901618EA82CF00042DA0 /* en */ = {isa = PBXFileReference; lastKnownFileType = text.plist.strings; name = en; path = en.lproj/InfoPlist.strings; sourceTree = "<group>"; };
		B653901818EA82CF00042DA0 /* main.m */ = {isa = PBXFileReference; lastKnownFileType = sourcecode.c.objc; path = main.m; sourceTree = "<group>"; };
		B653901A18EA82CF00042DA0 /* HTMLAttributedStringExample-Prefix.pch */ = {isa = PBXFileReference; lastKnownFileType = sourcecode.c.h; path = "HTMLAttributedStringExample-Prefix.pch"; sourceTree = "<group>"; };
		B653901B18EA82CF00042DA0 /* HSEAppDelegate.h */ = {isa = PBXFileReference; lastKnownFileType = sourcecode.c.h; path = HSEAppDelegate.h; sourceTree = "<group>"; };
		B653901C18EA82CF00042DA0 /* HSEAppDelegate.m */ = {isa = PBXFileReference; lastKnownFileType = sourcecode.c.objc; path = HSEAppDelegate.m; sourceTree = "<group>"; };
		B653901F18EA82CF00042DA0 /* Base */ = {isa = PBXFileReference; lastKnownFileType = file.storyboard; name = Base; path = Base.lproj/Main_iPhone.storyboard; sourceTree = "<group>"; };
		B653902218EA82CF00042DA0 /* Base */ = {isa = PBXFileReference; lastKnownFileType = file.storyboard; name = Base; path = Base.lproj/Main_iPad.storyboard; sourceTree = "<group>"; };
		B653902418EA82CF00042DA0 /* HSEViewController.h */ = {isa = PBXFileReference; lastKnownFileType = sourcecode.c.h; path = HSEViewController.h; sourceTree = "<group>"; };
		B653902518EA82CF00042DA0 /* HSEViewController.m */ = {isa = PBXFileReference; lastKnownFileType = sourcecode.c.objc; path = HSEViewController.m; sourceTree = "<group>"; };
		B653902718EA82CF00042DA0 /* Images.xcassets */ = {isa = PBXFileReference; lastKnownFileType = folder.assetcatalog; path = Images.xcassets; sourceTree = "<group>"; };
		B653902D18EA82CF00042DA0 /* HTMLAttributedStringExampleTests.xctest */ = {isa = PBXFileReference; explicitFileType = wrapper.cfbundle; includeInIndex = 0; path = HTMLAttributedStringExampleTests.xctest; sourceTree = BUILT_PRODUCTS_DIR; };
		B653902E18EA82CF00042DA0 /* XCTest.framework */ = {isa = PBXFileReference; lastKnownFileType = wrapper.framework; name = XCTest.framework; path = Library/Frameworks/XCTest.framework; sourceTree = DEVELOPER_DIR; };
		B653903618EA82D000042DA0 /* HTMLAttributedStringExampleTests-Info.plist */ = {isa = PBXFileReference; lastKnownFileType = text.plist.xml; path = "HTMLAttributedStringExampleTests-Info.plist"; sourceTree = "<group>"; };
		B653903818EA82D000042DA0 /* en */ = {isa = PBXFileReference; lastKnownFileType = text.plist.strings; name = en; path = en.lproj/InfoPlist.strings; sourceTree = "<group>"; };
		B653903A18EA82D000042DA0 /* HTMLAttributedStringExampleTests.m */ = {isa = PBXFileReference; lastKnownFileType = sourcecode.c.objc; path = HTMLAttributedStringExampleTests.m; sourceTree = "<group>"; };
		B653904518EA832D00042DA0 /* HTMLAttributedString.h */ = {isa = PBXFileReference; fileEncoding = 4; lastKnownFileType = sourcecode.c.h; path = HTMLAttributedString.h; sourceTree = "<group>"; };
		B653904618EA832D00042DA0 /* HTMLAttributedString.m */ = {isa = PBXFileReference; fileEncoding = 4; lastKnownFileType = sourcecode.c.objc; path = HTMLAttributedString.m; sourceTree = "<group>"; };
		B653905218F10B0200042DA0 /* README.md */ = {isa = PBXFileReference; fileEncoding = 4; lastKnownFileType = text; name = README.md; path = ../../README.md; sourceTree = "<group>"; };
/* End PBXFileReference section */

/* Begin PBXFrameworksBuildPhase section */
		B653900618EA82CF00042DA0 /* Frameworks */ = {
			isa = PBXFrameworksBuildPhase;
			buildActionMask = 2147483647;
			files = (
				B653900F18EA82CF00042DA0 /* CoreGraphics.framework in Frameworks */,
				B653901118EA82CF00042DA0 /* UIKit.framework in Frameworks */,
				B653900D18EA82CF00042DA0 /* Foundation.framework in Frameworks */,
			);
			runOnlyForDeploymentPostprocessing = 0;
		};
		B653902A18EA82CF00042DA0 /* Frameworks */ = {
			isa = PBXFrameworksBuildPhase;
			buildActionMask = 2147483647;
			files = (
				B653902F18EA82CF00042DA0 /* XCTest.framework in Frameworks */,
				B653903118EA82D000042DA0 /* UIKit.framework in Frameworks */,
				B653903018EA82D000042DA0 /* Foundation.framework in Frameworks */,
			);
			runOnlyForDeploymentPostprocessing = 0;
		};
/* End PBXFrameworksBuildPhase section */

/* Begin PBXGroup section */
		B653900018EA82CF00042DA0 = {
			isa = PBXGroup;
			children = (
				B653901218EA82CF00042DA0 /* HTMLAttributedStringExample */,
				B653903418EA82D000042DA0 /* HTMLAttributedStringExampleTests */,
				B653900B18EA82CF00042DA0 /* Frameworks */,
				B653900A18EA82CF00042DA0 /* Products */,
			);
			sourceTree = "<group>";
		};
		B653900A18EA82CF00042DA0 /* Products */ = {
			isa = PBXGroup;
			children = (
				B653900918EA82CF00042DA0 /* HTMLAttributedStringExample.app */,
				B653902D18EA82CF00042DA0 /* HTMLAttributedStringExampleTests.xctest */,
			);
			name = Products;
			sourceTree = "<group>";
		};
		B653900B18EA82CF00042DA0 /* Frameworks */ = {
			isa = PBXGroup;
			children = (
				B653900C18EA82CF00042DA0 /* Foundation.framework */,
				B653900E18EA82CF00042DA0 /* CoreGraphics.framework */,
				B653901018EA82CF00042DA0 /* UIKit.framework */,
				B653902E18EA82CF00042DA0 /* XCTest.framework */,
			);
			name = Frameworks;
			sourceTree = "<group>";
		};
		B653901218EA82CF00042DA0 /* HTMLAttributedStringExample */ = {
			isa = PBXGroup;
			children = (
				B653904418EA830A00042DA0 /* HTMLAttributedString */,
				B653905218F10B0200042DA0 /* README.md */,
				B653901B18EA82CF00042DA0 /* HSEAppDelegate.h */,
				B653901C18EA82CF00042DA0 /* HSEAppDelegate.m */,
				B653901E18EA82CF00042DA0 /* Main_iPhone.storyboard */,
				B653902118EA82CF00042DA0 /* Main_iPad.storyboard */,
				B653902418EA82CF00042DA0 /* HSEViewController.h */,
				B653902518EA82CF00042DA0 /* HSEViewController.m */,
				B653902718EA82CF00042DA0 /* Images.xcassets */,
				B653901318EA82CF00042DA0 /* Supporting Files */,
			);
			path = HTMLAttributedStringExample;
			sourceTree = "<group>";
		};
		B653901318EA82CF00042DA0 /* Supporting Files */ = {
			isa = PBXGroup;
			children = (
				B653901418EA82CF00042DA0 /* HTMLAttributedStringExample-Info.plist */,
				B653901518EA82CF00042DA0 /* InfoPlist.strings */,
				B653901818EA82CF00042DA0 /* main.m */,
				B653901A18EA82CF00042DA0 /* HTMLAttributedStringExample-Prefix.pch */,
			);
			name = "Supporting Files";
			sourceTree = "<group>";
		};
		B653903418EA82D000042DA0 /* HTMLAttributedStringExampleTests */ = {
			isa = PBXGroup;
			children = (
				B653903A18EA82D000042DA0 /* HTMLAttributedStringExampleTests.m */,
				B653903518EA82D000042DA0 /* Supporting Files */,
			);
			path = HTMLAttributedStringExampleTests;
			sourceTree = "<group>";
		};
		B653903518EA82D000042DA0 /* Supporting Files */ = {
			isa = PBXGroup;
			children = (
				B653903618EA82D000042DA0 /* HTMLAttributedStringExampleTests-Info.plist */,
				B653903718EA82D000042DA0 /* InfoPlist.strings */,
			);
			name = "Supporting Files";
			sourceTree = "<group>";
		};
		B653904418EA830A00042DA0 /* HTMLAttributedString */ = {
			isa = PBXGroup;
			children = (
				B653904518EA832D00042DA0 /* HTMLAttributedString.h */,
				B653904618EA832D00042DA0 /* HTMLAttributedString.m */,
			);
			name = HTMLAttributedString;
			path = ../../HTMLAttributedString;
			sourceTree = "<group>";
		};
/* End PBXGroup section */

/* Begin PBXNativeTarget section */
		B653900818EA82CF00042DA0 /* HTMLAttributedStringExample */ = {
			isa = PBXNativeTarget;
			buildConfigurationList = B653903E18EA82D000042DA0 /* Build configuration list for PBXNativeTarget "HTMLAttributedStringExample" */;
			buildPhases = (
				B653900518EA82CF00042DA0 /* Sources */,
				B653900618EA82CF00042DA0 /* Frameworks */,
				B653900718EA82CF00042DA0 /* Resources */,
			);
			buildRules = (
			);
			dependencies = (
			);
			name = HTMLAttributedStringExample;
			productName = HTMLAttributedStringExample;
			productReference = B653900918EA82CF00042DA0 /* HTMLAttributedStringExample.app */;
			productType = "com.apple.product-type.application";
		};
		B653902C18EA82CF00042DA0 /* HTMLAttributedStringExampleTests */ = {
			isa = PBXNativeTarget;
			buildConfigurationList = B653904118EA82D000042DA0 /* Build configuration list for PBXNativeTarget "HTMLAttributedStringExampleTests" */;
			buildPhases = (
				B653902918EA82CF00042DA0 /* Sources */,
				B653902A18EA82CF00042DA0 /* Frameworks */,
				B653902B18EA82CF00042DA0 /* Resources */,
			);
			buildRules = (
			);
			dependencies = (
				B653903318EA82D000042DA0 /* PBXTargetDependency */,
			);
			name = HTMLAttributedStringExampleTests;
			productName = HTMLAttributedStringExampleTests;
			productReference = B653902D18EA82CF00042DA0 /* HTMLAttributedStringExampleTests.xctest */;
			productType = "com.apple.product-type.bundle.unit-test";
		};
/* End PBXNativeTarget section */

/* Begin PBXProject section */
		B653900118EA82CF00042DA0 /* Project object */ = {
			isa = PBXProject;
			attributes = {
				CLASSPREFIX = HSE;
				LastUpgradeCheck = 0510;
				ORGANIZATIONNAME = "KSI Technology";
				TargetAttributes = {
					B653902C18EA82CF00042DA0 = {
						TestTargetID = B653900818EA82CF00042DA0;
					};
				};
			};
			buildConfigurationList = B653900418EA82CF00042DA0 /* Build configuration list for PBXProject "HTMLAttributedStringExample" */;
			compatibilityVersion = "Xcode 3.2";
			developmentRegion = English;
			hasScannedForEncodings = 0;
			knownRegions = (
				en,
				Base,
			);
			mainGroup = B653900018EA82CF00042DA0;
			productRefGroup = B653900A18EA82CF00042DA0 /* Products */;
			projectDirPath = "";
			projectRoot = "";
			targets = (
				B653900818EA82CF00042DA0 /* HTMLAttributedStringExample */,
				B653902C18EA82CF00042DA0 /* HTMLAttributedStringExampleTests */,
			);
		};
/* End PBXProject section */

/* Begin PBXResourcesBuildPhase section */
		B653900718EA82CF00042DA0 /* Resources */ = {
			isa = PBXResourcesBuildPhase;
			buildActionMask = 2147483647;
			files = (
				B653902318EA82CF00042DA0 /* Main_iPad.storyboard in Resources */,
				B653902818EA82CF00042DA0 /* Images.xcassets in Resources */,
				B653905318F10B0200042DA0 /* README.md in Resources */,
				B653902018EA82CF00042DA0 /* Main_iPhone.storyboard in Resources */,
				B653901718EA82CF00042DA0 /* InfoPlist.strings in Resources */,
			);
			runOnlyForDeploymentPostprocessing = 0;
		};
		B653902B18EA82CF00042DA0 /* Resources */ = {
			isa = PBXResourcesBuildPhase;
			buildActionMask = 2147483647;
			files = (
				B653903918EA82D000042DA0 /* InfoPlist.strings in Resources */,
			);
			runOnlyForDeploymentPostprocessing = 0;
		};
/* End PBXResourcesBuildPhase section */

/* Begin PBXSourcesBuildPhase section */
		B653900518EA82CF00042DA0 /* Sources */ = {
			isa = PBXSourcesBuildPhase;
			buildActionMask = 2147483647;
			files = (
				B653901918EA82CF00042DA0 /* main.m in Sources */,
				B653904718EA832D00042DA0 /* HTMLAttributedString.m in Sources */,
				B653902618EA82CF00042DA0 /* HSEViewController.m in Sources */,
				B653901D18EA82CF00042DA0 /* HSEAppDelegate.m in Sources */,
			);
			runOnlyForDeploymentPostprocessing = 0;
		};
		B653902918EA82CF00042DA0 /* Sources */ = {
			isa = PBXSourcesBuildPhase;
			buildActionMask = 2147483647;
			files = (
				B653903B18EA82D000042DA0 /* HTMLAttributedStringExampleTests.m in Sources */,
			);
			runOnlyForDeploymentPostprocessing = 0;
		};
/* End PBXSourcesBuildPhase section */

/* Begin PBXTargetDependency section */
		B653903318EA82D000042DA0 /* PBXTargetDependency */ = {
			isa = PBXTargetDependency;
			target = B653900818EA82CF00042DA0 /* HTMLAttributedStringExample */;
			targetProxy = B653903218EA82D000042DA0 /* PBXContainerItemProxy */;
		};
/* End PBXTargetDependency section */

/* Begin PBXVariantGroup section */
		B653901518EA82CF00042DA0 /* InfoPlist.strings */ = {
			isa = PBXVariantGroup;
			children = (
				B653901618EA82CF00042DA0 /* en */,
			);
			name = InfoPlist.strings;
			sourceTree = "<group>";
		};
		B653901E18EA82CF00042DA0 /* Main_iPhone.storyboard */ = {
			isa = PBXVariantGroup;
			children = (
				B653901F18EA82CF00042DA0 /* Base */,
			);
			name = Main_iPhone.storyboard;
			sourceTree = "<group>";
		};
		B653902118EA82CF00042DA0 /* Main_iPad.storyboard */ = {
			isa = PBXVariantGroup;
			children = (
				B653902218EA82CF00042DA0 /* Base */,
			);
			name = Main_iPad.storyboard;
			sourceTree = "<group>";
		};
		B653903718EA82D000042DA0 /* InfoPlist.strings */ = {
			isa = PBXVariantGroup;
			children = (
				B653903818EA82D000042DA0 /* en */,
			);
			name = InfoPlist.strings;
			sourceTree = "<group>";
		};
/* End PBXVariantGroup section */

/* Begin XCBuildConfiguration section */
		B653903C18EA82D000042DA0 /* Debug */ = {
			isa = XCBuildConfiguration;
			buildSettings = {
				ALWAYS_SEARCH_USER_PATHS = NO;
				CLANG_CXX_LANGUAGE_STANDARD = "gnu++0x";
				CLANG_CXX_LIBRARY = "libc++";
				CLANG_ENABLE_MODULES = YES;
				CLANG_ENABLE_OBJC_ARC = YES;
				CLANG_WARN_BOOL_CONVERSION = YES;
				CLANG_WARN_CONSTANT_CONVERSION = YES;
				CLANG_WARN_DIRECT_OBJC_ISA_USAGE = YES_ERROR;
				CLANG_WARN_EMPTY_BODY = YES;
				CLANG_WARN_ENUM_CONVERSION = YES;
				CLANG_WARN_INT_CONVERSION = YES;
				CLANG_WARN_OBJC_ROOT_CLASS = YES_ERROR;
				CLANG_WARN__DUPLICATE_METHOD_MATCH = YES;
				"CODE_SIGN_IDENTITY[sdk=iphoneos*]" = "iPhone Developer";
				COPY_PHASE_STRIP = NO;
				GCC_C_LANGUAGE_STANDARD = gnu99;
				GCC_DYNAMIC_NO_PIC = NO;
				GCC_OPTIMIZATION_LEVEL = 0;
				GCC_PREPROCESSOR_DEFINITIONS = (
					"DEBUG=1",
					"$(inherited)",
				);
				GCC_SYMBOLS_PRIVATE_EXTERN = NO;
				GCC_WARN_64_TO_32_BIT_CONVERSION = YES;
				GCC_WARN_ABOUT_RETURN_TYPE = YES_ERROR;
				GCC_WARN_UNDECLARED_SELECTOR = YES;
				GCC_WARN_UNINITIALIZED_AUTOS = YES_AGGRESSIVE;
				GCC_WARN_UNUSED_FUNCTION = YES;
				GCC_WARN_UNUSED_VARIABLE = YES;
				IPHONEOS_DEPLOYMENT_TARGET = 7.1;
				ONLY_ACTIVE_ARCH = YES;
				SDKROOT = iphoneos;
				TARGETED_DEVICE_FAMILY = "1,2";
			};
			name = Debug;
		};
		B653903D18EA82D000042DA0 /* Release */ = {
			isa = XCBuildConfiguration;
			buildSettings = {
				ALWAYS_SEARCH_USER_PATHS = NO;
				CLANG_CXX_LANGUAGE_STANDARD = "gnu++0x";
				CLANG_CXX_LIBRARY = "libc++";
				CLANG_ENABLE_MODULES = YES;
				CLANG_ENABLE_OBJC_ARC = YES;
				CLANG_WARN_BOOL_CONVERSION = YES;
				CLANG_WARN_CONSTANT_CONVERSION = YES;
				CLANG_WARN_DIRECT_OBJC_ISA_USAGE = YES_ERROR;
				CLANG_WARN_EMPTY_BODY = YES;
				CLANG_WARN_ENUM_CONVERSION = YES;
				CLANG_WARN_INT_CONVERSION = YES;
				CLANG_WARN_OBJC_ROOT_CLASS = YES_ERROR;
				CLANG_WARN__DUPLICATE_METHOD_MATCH = YES;
				"CODE_SIGN_IDENTITY[sdk=iphoneos*]" = "iPhone Developer";
				COPY_PHASE_STRIP = YES;
				ENABLE_NS_ASSERTIONS = NO;
				GCC_C_LANGUAGE_STANDARD = gnu99;
				GCC_WARN_64_TO_32_BIT_CONVERSION = YES;
				GCC_WARN_ABOUT_RETURN_TYPE = YES_ERROR;
				GCC_WARN_UNDECLARED_SELECTOR = YES;
				GCC_WARN_UNINITIALIZED_AUTOS = YES_AGGRESSIVE;
				GCC_WARN_UNUSED_FUNCTION = YES;
				GCC_WARN_UNUSED_VARIABLE = YES;
				IPHONEOS_DEPLOYMENT_TARGET = 7.1;
				SDKROOT = iphoneos;
				TARGETED_DEVICE_FAMILY = "1,2";
				VALIDATE_PRODUCT = YES;
			};
			name = Release;
		};
		B653903F18EA82D000042DA0 /* Debug */ = {
			isa = XCBuildConfiguration;
			buildSettings = {
				ASSETCATALOG_COMPILER_APPICON_NAME = AppIcon;
				ASSETCATALOG_COMPILER_LAUNCHIMAGE_NAME = LaunchImage;
				GCC_PRECOMPILE_PREFIX_HEADER = YES;
				GCC_PREFIX_HEADER = "HTMLAttributedStringExample/HTMLAttributedStringExample-Prefix.pch";
				INFOPLIST_FILE = "HTMLAttributedStringExample/HTMLAttributedStringExample-Info.plist";
				PRODUCT_NAME = "$(TARGET_NAME)";
				WRAPPER_EXTENSION = app;
			};
			name = Debug;
		};
		B653904018EA82D000042DA0 /* Release */ = {
			isa = XCBuildConfiguration;
			buildSettings = {
				ASSETCATALOG_COMPILER_APPICON_NAME = AppIcon;
				ASSETCATALOG_COMPILER_LAUNCHIMAGE_NAME = LaunchImage;
				GCC_PRECOMPILE_PREFIX_HEADER = YES;
				GCC_PREFIX_HEADER = "HTMLAttributedStringExample/HTMLAttributedStringExample-Prefix.pch";
				INFOPLIST_FILE = "HTMLAttributedStringExample/HTMLAttributedStringExample-Info.plist";
				PRODUCT_NAME = "$(TARGET_NAME)";
				WRAPPER_EXTENSION = app;
			};
			name = Release;
		};
		B653904218EA82D000042DA0 /* Debug */ = {
			isa = XCBuildConfiguration;
			buildSettings = {
				BUNDLE_LOADER = "$(BUILT_PRODUCTS_DIR)/HTMLAttributedStringExample.app/HTMLAttributedStringExample";
				FRAMEWORK_SEARCH_PATHS = (
					"$(SDKROOT)/Developer/Library/Frameworks",
					"$(inherited)",
					"$(DEVELOPER_FRAMEWORKS_DIR)",
				);
				GCC_PRECOMPILE_PREFIX_HEADER = YES;
				GCC_PREFIX_HEADER = "HTMLAttributedStringExample/HTMLAttributedStringExample-Prefix.pch";
				GCC_PREPROCESSOR_DEFINITIONS = (
					"DEBUG=1",
					"$(inherited)",
				);
				INFOPLIST_FILE = "HTMLAttributedStringExampleTests/HTMLAttributedStringExampleTests-Info.plist";
				PRODUCT_NAME = "$(TARGET_NAME)";
				TEST_HOST = "$(BUNDLE_LOADER)";
				WRAPPER_EXTENSION = xctest;
			};
			name = Debug;
		};
		B653904318EA82D000042DA0 /* Release */ = {
			isa = XCBuildConfiguration;
			buildSettings = {
				BUNDLE_LOADER = "$(BUILT_PRODUCTS_DIR)/HTMLAttributedStringExample.app/HTMLAttributedStringExample";
				FRAMEWORK_SEARCH_PATHS = (
					"$(SDKROOT)/Developer/Library/Frameworks",
					"$(inherited)",
					"$(DEVELOPER_FRAMEWORKS_DIR)",
				);
				GCC_PRECOMPILE_PREFIX_HEADER = YES;
				GCC_PREFIX_HEADER = "HTMLAttributedStringExample/HTMLAttributedStringExample-Prefix.pch";
				INFOPLIST_FILE = "HTMLAttributedStringExampleTests/HTMLAttributedStringExampleTests-Info.plist";
				PRODUCT_NAME = "$(TARGET_NAME)";
				TEST_HOST = "$(BUNDLE_LOADER)";
				WRAPPER_EXTENSION = xctest;
			};
			name = Release;
		};
/* End XCBuildConfiguration section */

/* Begin XCConfigurationList section */
		B653900418EA82CF00042DA0 /* Build configuration list for PBXProject "HTMLAttributedStringExample" */ = {
			isa = XCConfigurationList;
			buildConfigurations = (
				B653903C18EA82D000042DA0 /* Debug */,
				B653903D18EA82D000042DA0 /* Release */,
			);
			defaultConfigurationIsVisible = 0;
			defaultConfigurationName = Release;
		};
		B653903E18EA82D000042DA0 /* Build configuration list for PBXNativeTarget "HTMLAttributedStringExample" */ = {
			isa = XCConfigurationList;
			buildConfigurations = (
				B653903F18EA82D000042DA0 /* Debug */,
				B653904018EA82D000042DA0 /* Release */,
			);
			defaultConfigurationIsVisible = 0;
			defaultConfigurationName = Release;
		};
		B653904118EA82D000042DA0 /* Build configuration list for PBXNativeTarget "HTMLAttributedStringExampleTests" */ = {
			isa = XCConfigurationList;
			buildConfigurations = (
				B653904218EA82D000042DA0 /* Debug */,
				B653904318EA82D000042DA0 /* Release */,
			);
			defaultConfigurationIsVisible = 0;
			defaultConfigurationName = Release;
		};
/* End XCConfigurationList section */
	};
	rootObject = B653900118EA82CF00042DA0 /* Project object */;
}
